{
	"name": "dash-compiler",
	"version": "0.1.0",
	"lockfileVersion": 2,
	"requires": true,
	"packages": {
		"": {
			"name": "dash-compiler",
			"version": "0.1.0",
			"license": "MIT",
			"dependencies": {
				"@types/path-browserify": "^1.0.0",
				"mc-project-core": "^0.2.0",
				"path-browserify": "^1.0.1"
			}
		},
		"node_modules/@types/path-browserify": {
			"version": "1.0.0",
			"resolved": "https://registry.npmjs.org/@types/path-browserify/-/path-browserify-1.0.0.tgz",
			"integrity": "sha512-XMCcyhSvxcch8b7rZAtFAaierBYdeHXVvg2iYnxOV0MCQHmPuRRmGZPFDRzPayxcGiiSL1Te9UIO+f3cuj0tfw=="
		},
		"node_modules/braces": {
			"version": "3.0.2",
			"resolved": "https://registry.npmjs.org/braces/-/braces-3.0.2.tgz",
			"integrity": "sha512-b8um+L1RzM3WDSzvhm6gIz1yfTbBt6YTlcEKAvsmqCZZFw46z626lVj9j1yEPW33H5H+lBQpZMP1k8l+78Ha0A==",
			"dependencies": {
				"fill-range": "^7.0.1"
			},
			"engines": {
				"node": ">=8"
			}
		},
		"node_modules/fill-range": {
			"version": "7.0.1",
			"resolved": "https://registry.npmjs.org/fill-range/-/fill-range-7.0.1.tgz",
			"integrity": "sha512-qOo9F+dMUmC2Lcb4BbVvnKJxTPjCm+RRpe4gDuGrzkL7mEVl/djYSu2OdQ2Pa302N4oqkSg9ir6jaLWJ2USVpQ==",
			"dependencies": {
				"to-regex-range": "^5.0.1"
			},
			"engines": {
				"node": ">=8"
			}
		},
		"node_modules/is-number": {
			"version": "7.0.0",
			"resolved": "https://registry.npmjs.org/is-number/-/is-number-7.0.0.tgz",
			"integrity": "sha512-41Cifkg6e8TylSpdtTpeLVMqvSBEVzTttHvERD741+pnZ8ANv0004MRL43QKPDlK9cGvNp6NZWZUBlbGXYxxng==",
			"engines": {
				"node": ">=0.12.0"
			}
		},
		"node_modules/json5": {
			"version": "2.2.0",
			"resolved": "https://registry.npmjs.org/json5/-/json5-2.2.0.tgz",
			"integrity": "sha512-f+8cldu7X/y7RAJurMEJmdoKXGB/X550w2Nr3tTbezL6RwEE/iMcm+tZnXeoZtKuOq6ft8+CqzEkrIgx1fPoQA==",
			"dependencies": {
				"minimist": "^1.2.5"
			},
			"bin": {
				"json5": "lib/cli.js"
			},
			"engines": {
				"node": ">=6"
			}
		},
		"node_modules/mc-project-core": {
			"version": "0.2.0",
			"resolved": "https://registry.npmjs.org/mc-project-core/-/mc-project-core-0.2.0.tgz",
			"integrity": "sha512-dlALv+geEmFt+YJj7LiRAuigN/6skBp3biwoW8fLET/9lFCdZJoKVJV8rgMxns+WgE6mb/xQlc6OAaPqHhJDhg==",
			"dependencies": {
				"json5": "^2.2.0",
				"micromatch": "^4.0.4",
				"path-browserify": "^1.0.1",
				"uuid": "^8.3.2"
			}
		},
		"node_modules/micromatch": {
			"version": "4.0.4",
			"resolved": "https://registry.npmjs.org/micromatch/-/micromatch-4.0.4.tgz",
			"integrity": "sha512-pRmzw/XUcwXGpD9aI9q/0XOwLNygjETJ8y0ao0wdqprrzDa4YnxLcz7fQRZr8voh8V10kGhABbNcHVk5wHgWwg==",
			"dependencies": {
				"braces": "^3.0.1",
				"picomatch": "^2.2.3"
			},
			"engines": {
				"node": ">=8.6"
			}
		},
		"node_modules/minimist": {
			"version": "1.2.5",
			"resolved": "https://registry.npmjs.org/minimist/-/minimist-1.2.5.tgz",
			"integrity": "sha512-FM9nNUYrRBAELZQT3xeZQ7fmMOBg6nWNmJKTcgsJeaLstP/UODVpGsr5OhXhhXg6f+qtJ8uiZ+PUxkDWcgIXLw=="
		},
		"node_modules/path-browserify": {
			"version": "1.0.1",
			"resolved": "https://registry.npmjs.org/path-browserify/-/path-browserify-1.0.1.tgz",
			"integrity": "sha512-b7uo2UCUOYZcnF/3ID0lulOJi/bafxa1xPe7ZPsammBSpjSWQkjNxlt635YGS2MiR9GjvuXCtz2emr3jbsz98g=="
		},
		"node_modules/picomatch": {
			"version": "2.3.0",
			"resolved": "https://registry.npmjs.org/picomatch/-/picomatch-2.3.0.tgz",
			"integrity": "sha512-lY1Q/PiJGC2zOv/z391WOTD+Z02bCgsFfvxoXXf6h7kv9o+WmsmzYqrAwY63sNgOxE4xEdq0WyUnXfKeBrSvYw==",
			"engines": {
				"node": ">=8.6"
			},
			"funding": {
				"url": "https://github.com/sponsors/jonschlinkert"
			}
		},
		"node_modules/to-regex-range": {
			"version": "5.0.1",
			"resolved": "https://registry.npmjs.org/to-regex-range/-/to-regex-range-5.0.1.tgz",
			"integrity": "sha512-65P7iz6X5yEr1cwcgvQxbbIw7Uk3gOy5dIdtZ4rDveLqhrdJP+Li/Hx6tyK0NEb+2GCyneCMJiGqrADCSNk8sQ==",
			"dependencies": {
				"is-number": "^7.0.0"
			},
			"engines": {
				"node": ">=8.0"
			}
		},
		"node_modules/uuid": {
			"version": "8.3.2",
			"resolved": "https://registry.npmjs.org/uuid/-/uuid-8.3.2.tgz",
			"integrity": "sha512-+NYs2QeMWy+GWFOEm9xnn6HCDp0l7QBD7ml8zLUmJ+93Q5NF0NocErnwkTkXVFNiX3/fpC6afS8Dhb/gz7R7eg==",
			"bin": {
				"uuid": "dist/bin/uuid"
			}
		}
	},
	"dependencies": {
		"@types/path-browserify": {
			"version": "1.0.0",
			"resolved": "https://registry.npmjs.org/@types/path-browserify/-/path-browserify-1.0.0.tgz",
			"integrity": "sha512-XMCcyhSvxcch8b7rZAtFAaierBYdeHXVvg2iYnxOV0MCQHmPuRRmGZPFDRzPayxcGiiSL1Te9UIO+f3cuj0tfw=="
		},
		"braces": {
			"version": "3.0.2",
			"resolved": "https://registry.npmjs.org/braces/-/braces-3.0.2.tgz",
			"integrity": "sha512-b8um+L1RzM3WDSzvhm6gIz1yfTbBt6YTlcEKAvsmqCZZFw46z626lVj9j1yEPW33H5H+lBQpZMP1k8l+78Ha0A==",
			"requires": {
				"fill-range": "^7.0.1"
			}
		},
		"fill-range": {
			"version": "7.0.1",
			"resolved": "https://registry.npmjs.org/fill-range/-/fill-range-7.0.1.tgz",
			"integrity": "sha512-qOo9F+dMUmC2Lcb4BbVvnKJxTPjCm+RRpe4gDuGrzkL7mEVl/djYSu2OdQ2Pa302N4oqkSg9ir6jaLWJ2USVpQ==",
			"requires": {
				"to-regex-range": "^5.0.1"
			}
		},
		"is-number": {
			"version": "7.0.0",
			"resolved": "https://registry.npmjs.org/is-number/-/is-number-7.0.0.tgz",
			"integrity": "sha512-41Cifkg6e8TylSpdtTpeLVMqvSBEVzTttHvERD741+pnZ8ANv0004MRL43QKPDlK9cGvNp6NZWZUBlbGXYxxng=="
		},
		"json5": {
			"version": "2.2.0",
			"resolved": "https://registry.npmjs.org/json5/-/json5-2.2.0.tgz",
			"integrity": "sha512-f+8cldu7X/y7RAJurMEJmdoKXGB/X550w2Nr3tTbezL6RwEE/iMcm+tZnXeoZtKuOq6ft8+CqzEkrIgx1fPoQA==",
			"requires": {
				"minimist": "^1.2.5"
			}
		},
		"mc-project-core": {
			"version": "0.2.0",
			"resolved": "https://registry.npmjs.org/mc-project-core/-/mc-project-core-0.2.0.tgz",
			"integrity": "sha512-dlALv+geEmFt+YJj7LiRAuigN/6skBp3biwoW8fLET/9lFCdZJoKVJV8rgMxns+WgE6mb/xQlc6OAaPqHhJDhg==",
			"requires": {
				"json5": "^2.2.0",
				"micromatch": "^4.0.4",
				"path-browserify": "^1.0.1",
				"uuid": "^8.3.2"
			}
		},
		"micromatch": {
			"version": "4.0.4",
			"resolved": "https://registry.npmjs.org/micromatch/-/micromatch-4.0.4.tgz",
			"integrity": "sha512-pRmzw/XUcwXGpD9aI9q/0XOwLNygjETJ8y0ao0wdqprrzDa4YnxLcz7fQRZr8voh8V10kGhABbNcHVk5wHgWwg==",
			"requires": {
				"braces": "^3.0.1",
				"picomatch": "^2.2.3"
			}
		},
		"minimist": {
			"version": "1.2.5",
			"resolved": "https://registry.npmjs.org/minimist/-/minimist-1.2.5.tgz",
			"integrity": "sha512-FM9nNUYrRBAELZQT3xeZQ7fmMOBg6nWNmJKTcgsJeaLstP/UODVpGsr5OhXhhXg6f+qtJ8uiZ+PUxkDWcgIXLw=="
		},
		"path-browserify": {
			"version": "1.0.1",
			"resolved": "https://registry.npmjs.org/path-browserify/-/path-browserify-1.0.1.tgz",
			"integrity": "sha512-b7uo2UCUOYZcnF/3ID0lulOJi/bafxa1xPe7ZPsammBSpjSWQkjNxlt635YGS2MiR9GjvuXCtz2emr3jbsz98g=="
		},
		"picomatch": {
			"version": "2.3.0",
			"resolved": "https://registry.npmjs.org/picomatch/-/picomatch-2.3.0.tgz",
			"integrity": "sha512-lY1Q/PiJGC2zOv/z391WOTD+Z02bCgsFfvxoXXf6h7kv9o+WmsmzYqrAwY63sNgOxE4xEdq0WyUnXfKeBrSvYw=="
		},
		"to-regex-range": {
			"version": "5.0.1",
			"resolved": "https://registry.npmjs.org/to-regex-range/-/to-regex-range-5.0.1.tgz",
			"integrity": "sha512-65P7iz6X5yEr1cwcgvQxbbIw7Uk3gOy5dIdtZ4rDveLqhrdJP+Li/Hx6tyK0NEb+2GCyneCMJiGqrADCSNk8sQ==",
			"requires": {
				"is-number": "^7.0.0"
			}
		},
		"uuid": {
			"version": "8.3.2",
			"resolved": "https://registry.npmjs.org/uuid/-/uuid-8.3.2.tgz",
			"integrity": "sha512-+NYs2QeMWy+GWFOEm9xnn6HCDp0l7QBD7ml8zLUmJ+93Q5NF0NocErnwkTkXVFNiX3/fpC6afS8Dhb/gz7R7eg=="
		}
	}
}
